
Microsoft Visual Studio Solution File, Format Version 12.00
# Visual Studio Version 16
VisualStudioVersion = 16.0.30128.74
MinimumVisualStudioVersion = 10.0.40219.1
Project("{FAE04EC0-301F-11D3-BF4B-00C04F79EFBC}") = "Acme", "Acme\Acme.csproj", "{5F714B5D-6002-47E9-A18D-F067D4EDDC57}"
EndProject
Project("{FAE04EC0-301F-11D3-BF4B-00C04F79EFBC}") = "Acme.BusinessLogic", "Acme.BusinessLogic\Acme.BusinessLogic.csproj", "{75443DA5-4184-43D6-8D37-2C94688F3C95}"
EndProject
Project("{FAE04EC0-301F-11D3-BF4B-00C04F79EFBC}") = "Acme.BusinessLogic.Test", "Acme.BusinessLogic.Test\Acme.BusinessLogic.Test.csproj", "{DD250CB9-F195-4495-97F1-BBFED2139F6C}"
EndProject
Global
	GlobalSection(SolutionConfigurationPlatforms) = preSolution
		Debug|Any CPU = Debug|Any CPU
		Release|Any CPU = Release|Any CPU
	EndGlobalSection
	GlobalSection(ProjectConfigurationPlatforms) = postSolution
		{5F714B5D-6002-47E9-A18D-F067D4EDDC57}.Debug|Any CPU.ActiveCfg = Debug|Any CPU
		{5F714B5D-6002-47E9-A18D-F067D4EDDC57}.Debug|Any CPU.Build.0 = Debug|Any CPU
		{5F714B5D-6002-47E9-A18D-F067D4EDDC57}.Release|Any CPU.ActiveCfg = Release|Any CPU
		{5F714B5D-6002-47E9-A18D-F067D4EDDC57}.Release|Any CPU.Build.0 = Release|Any CPU
		{75443DA5-4184-43D6-8D37-2C94688F3C95}.Debug|Any CPU.ActiveCfg = Debug|Any CPU
		{75443DA5-4184-43D6-8D37-2C94688F3C95}.Debug|Any CPU.Build.0 = Debug|Any CPU
		{75443DA5-4184-43D6-8D37-2C94688F3C95}.Release|Any CPU.ActiveCfg = Release|Any CPU
		{75443DA5-4184-43D6-8D37-2C94688F3C95}.Release|Any CPU.Build.0 = Release|Any CPU
		{DD250CB9-F195-4495-97F1-BBFED2139F6C}.Debug|Any CPU.ActiveCfg = Debug|Any CPU
		{DD250CB9-F195-4495-97F1-BBFED2139F6C}.Debug|Any CPU.Build.0 = Debug|Any CPU
		{DD250CB9-F195-4495-97F1-BBFED2139F6C}.Release|Any CPU.ActiveCfg = Release|Any CPU
		{DD250CB9-F195-4495-97F1-BBFED2139F6C}.Release|Any CPU.Build.0 = Release|Any CPU
	EndGlobalSection
	GlobalSection(SolutionProperties) = preSolution
		HideSolutionNode = FALSE
	EndGlobalSection
	GlobalSection(ExtensibilityGlobals) = postSolution
		SolutionGuid = {8D9BE2F9-FED9-4F87-981E-A4C9D0A9C11B}
	EndGlobalSection
EndGlobal
